
Microsoft Visual Studio Solution File, Format Version 12.00
# Visual Studio Version 17
VisualStudioVersion = 17.2.32505.173
MinimumVisualStudioVersion = 10.0.40219.1
Project("{8BC9CEB8-8B4A-11D0-8D11-00A0C91BC942}") = "数据5", "数据5\数据5.vcxproj", "{C060010F-5D29-4DE1-A3D1-EC9A592E5B00}"
EndProject
Global
	GlobalSection(SolutionConfigurationPlatforms) = preSolution
		Debug|x64 = Debug|x64
		Debug|x86 = Debug|x86
		Release|x64 = Release|x64
		Release|x86 = Release|x86
	EndGlobalSection
	GlobalSection(ProjectConfigurationPlatforms) = postSolution
		{C060010F-5D29-4DE1-A3D1-EC9A592E5B00}.Debug|x64.ActiveCfg = Debug|x64
		{C060010F-5D29-4DE1-A3D1-EC9A592E5B00}.Debug|x64.Build.0 = Debug|x64
		{C060010F-5D29-4DE1-A3D1-EC9A592E5B00}.Debug|x86.ActiveCfg = Debug|Win32
		{C060010F-5D29-4DE1-A3D1-EC9A592E5B00}.Debug|x86.Build.0 = Debug|Win32
		{C060010F-5D29-4DE1-A3D1-EC9A592E5B00}.Release|x64.ActiveCfg = Release|x64
		{C060010F-5D29-4DE1-A3D1-EC9A592E5B00}.Release|x64.Build.0 = Release|x64
		{C060010F-5D29-4DE1-A3D1-EC9A592E5B00}.Release|x86.ActiveCfg = Release|Win32
		{C060010F-5D29-4DE1-A3D1-EC9A592E5B00}.Release|x86.Build.0 = Release|Win32
	EndGlobalSection
	GlobalSection(SolutionProperties) = preSolution
		HideSolutionNode = FALSE
	EndGlobalSection
	GlobalSection(ExtensibilityGlobals) = postSolution
		SolutionGuid = {CF033AD1-CF6B-4794-9276-0237E8E91ECF}
	EndGlobalSection
EndGlobal
